
Microsoft Visual Studio Solution File, Format Version 12.00
# Visual Studio Version 16
VisualStudioVersion = 16.0.31205.134
MinimumVisualStudioVersion = 10.0.40219.1
Project("{FAE04EC0-301F-11D3-BF4B-00C04F79EFBC}") = "Dio.ApiCurso", "Dio.ApiCurso.csproj", "{8433DC5B-D36D-41DE-A34C-4257C1392292}"
EndProject
Project("{2150E333-8FDC-42A3-9474-1A3956D46DE8}") = "Solution Items", "Solution Items", "{A14239C4-C9DE-4C76-B560-58B8219E5EFC}"
	ProjectSection(SolutionItems) = preProject
		.editorconfig = .editorconfig
	EndProjectSection
EndProject
Global
	GlobalSection(SolutionConfigurationPlatforms) = preSolution
		Debug|Any CPU = Debug|Any CPU
		Release|Any CPU = Release|Any CPU
	EndGlobalSection
	GlobalSection(ProjectConfigurationPlatforms) = postSolution
		{8433DC5B-D36D-41DE-A34C-4257C1392292}.Debug|Any CPU.ActiveCfg = Debug|Any CPU
		{8433DC5B-D36D-41DE-A34C-4257C1392292}.Debug|Any CPU.Build.0 = Debug|Any CPU
		{8433DC5B-D36D-41DE-A34C-4257C1392292}.Release|Any CPU.ActiveCfg = Release|Any CPU
		{8433DC5B-D36D-41DE-A34C-4257C1392292}.Release|Any CPU.Build.0 = Release|Any CPU
	EndGlobalSection
	GlobalSection(SolutionProperties) = preSolution
		HideSolutionNode = FALSE
	EndGlobalSection
	GlobalSection(ExtensibilityGlobals) = postSolution
		SolutionGuid = {FCF803AF-74ED-4521-826E-1A4365FF7CD3}
	EndGlobalSection
EndGlobal
